lockfileVersion: '6.0'

settings:
  autoInstallPeers: true
  excludeLinksFromLockfile: false

dependencies:
  graphql:
    specifier: 16.8.1
    version: 16.8.1
  graphql-parse-resolve-info:
    specifier: ^4.13.0
    version: 4.13.0(graphql@16.8.1)
  graphql-yoga:
    specifier: 5.3.1
    version: 5.3.1(graphql@16.8.1)

devDependencies:
  ts-node:
    specifier: 10.9.1
    version: 10.9.1(@types/node@20.12.12)(typescript@5.1.6)
  typescript:
    specifier: 5.1.6
    version: 5.1.6

packages:

  /@cspotcode/source-map-support@0.8.1:
    resolution: {integrity: sha512-IchNf6dN4tHoMFIn/7OE8LWZ19Y6q/67Bmf6vnGREv8RSbBVb9LPJxEcnwrcwX6ixSvaiGoomAUvu4YSxXrVgw==}
    engines: {node: '>=12'}
    dependencies:
      '@jridgewell/trace-mapping': 0.3.9
    dev: true

  /@envelop/core@5.0.1:
    resolution: {integrity: sha512-wxA8EyE1fPnlbP0nC/SFI7uU8wSNf4YjxZhAPu0P63QbgIvqHtHsH4L3/u+rsTruzhk3OvNRgQyLsMfaR9uzAQ==}
    engines: {node: '>=18.0.0'}
    dependencies:
      '@envelop/types': 5.0.0
      tslib: 2.6.2
    dev: false

  /@envelop/types@5.0.0:
    resolution: {integrity: sha512-IPjmgSc4KpQRlO4qbEDnBEixvtb06WDmjKfi/7fkZaryh5HuOmTtixe1EupQI5XfXO8joc3d27uUZ0QdC++euA==}
    engines: {node: '>=18.0.0'}
    dependencies:
      tslib: 2.6.2
    dev: false

  /@graphql-tools/executor@1.2.6(graphql@16.8.1):
    resolution: {integrity: sha512-+1kjfqzM5T2R+dCw7F4vdJ3CqG+fY/LYJyhNiWEFtq0ToLwYzR/KKyD8YuzTirEjSxWTVlcBh7endkx5n5F6ew==}
    engines: {node: '>=16.0.0'}
    peerDependencies:
      graphql: ^14.0.0 || ^15.0.0 || ^16.0.0 || ^17.0.0
    dependencies:
      '@graphql-tools/utils': 10.2.0(graphql@16.8.1)
      '@graphql-typed-document-node/core': 3.2.0(graphql@16.8.1)
      '@repeaterjs/repeater': 3.0.6
      graphql: 16.8.1
      tslib: 2.6.2
      value-or-promise: 1.0.12
    dev: false

  /@graphql-tools/merge@9.0.4(graphql@16.8.1):
    resolution: {integrity: sha512-MivbDLUQ+4Q8G/Hp/9V72hbn810IJDEZQ57F01sHnlrrijyadibfVhaQfW/pNH+9T/l8ySZpaR/DpL5i+ruZ+g==}
    engines: {node: '>=16.0.0'}
    peerDependencies:
      graphql: ^14.0.0 || ^15.0.0 || ^16.0.0 || ^17.0.0
    dependencies:
      '@graphql-tools/utils': 10.2.0(graphql@16.8.1)
      graphql: 16.8.1
      tslib: 2.6.2
    dev: false

  /@graphql-tools/schema@10.0.3(graphql@16.8.1):
    resolution: {integrity: sha512-p28Oh9EcOna6i0yLaCFOnkcBDQECVf3SCexT6ktb86QNj9idnkhI+tCxnwZDh58Qvjd2nURdkbevvoZkvxzCog==}
    engines: {node: '>=16.0.0'}
    peerDependencies:
      graphql: ^14.0.0 || ^15.0.0 || ^16.0.0 || ^17.0.0
    dependencies:
      '@graphql-tools/merge': 9.0.4(graphql@16.8.1)
      '@graphql-tools/utils': 10.2.0(graphql@16.8.1)
      graphql: 16.8.1
      tslib: 2.6.2
      value-or-promise: 1.0.12
    dev: false

  /@graphql-tools/utils@10.2.0(graphql@16.8.1):
    resolution: {integrity: sha512-HYV7dO6pNA2nGKawygaBpk8y+vXOUjjzzO43W/Kb7EPRmXUEQKjHxPYRvQbiF72u1N3XxwGK5jnnFk9WVhUwYw==}
    engines: {node: '>=16.0.0'}
    peerDependencies:
      graphql: ^14.0.0 || ^15.0.0 || ^16.0.0 || ^17.0.0
    dependencies:
      '@graphql-typed-document-node/core': 3.2.0(graphql@16.8.1)
      cross-inspect: 1.0.0
      dset: 3.1.3
      graphql: 16.8.1
      tslib: 2.6.2
    dev: false

  /@graphql-typed-document-node/core@3.2.0(graphql@16.8.1):
    resolution: {integrity: sha512-mB9oAsNCm9aM3/SOv4YtBMqZbYj10R7dkq8byBqxGY/ncFwhf2oQzMV+LCRlWoDSEBJ3COiR1yeDvMtsoOsuFQ==}
    peerDependencies:
      graphql: ^0.8.0 || ^0.9.0 || ^0.10.0 || ^0.11.0 || ^0.12.0 || ^0.13.0 || ^14.0.0 || ^15.0.0 || ^16.0.0 || ^17.0.0
    dependencies:
      graphql: 16.8.1
    dev: false

  /@graphql-yoga/logger@2.0.0:
    resolution: {integrity: sha512-Mg8psdkAp+YTG1OGmvU+xa6xpsAmSir0hhr3yFYPyLNwzUj95DdIwsMpKadDj9xDpYgJcH3Hp/4JMal9DhQimA==}
    engines: {node: '>=18.0.0'}
    dependencies:
      tslib: 2.6.2
    dev: false

  /@graphql-yoga/subscription@5.0.0:
    resolution: {integrity: sha512-Ri7sK8hmxd/kwaEa0YT8uqQUb2wOLsmBMxI90QDyf96lzOMJRgBuNYoEkU1pSgsgmW2glceZ96sRYfaXqwVxUw==}
    engines: {node: '>=18.0.0'}
    dependencies:
      '@graphql-yoga/typed-event-target': 3.0.0
      '@repeaterjs/repeater': 3.0.6
      '@whatwg-node/events': 0.1.1
      tslib: 2.6.2
    dev: false

  /@graphql-yoga/typed-event-target@3.0.0:
    resolution: {integrity: sha512-w+liuBySifrstuHbFrHoHAEyVnDFVib+073q8AeAJ/qqJfvFvAwUPLLtNohR/WDVRgSasfXtl3dcNuVJWN+rjg==}
    engines: {node: '>=18.0.0'}
    dependencies:
      '@repeaterjs/repeater': 3.0.6
      tslib: 2.6.2
    dev: false

  /@jridgewell/resolve-uri@3.1.2:
    resolution: {integrity: sha512-bRISgCIjP20/tbWSPWMEi54QVPRZExkuD9lJL+UIxUKtwVJA8wW1Trb1jMs1RFXo1CBTNZ/5hpC9QvmKWdopKw==}
    engines: {node: '>=6.0.0'}
    dev: true

  /@jridgewell/sourcemap-codec@1.4.15:
    resolution: {integrity: sha512-eF2rxCRulEKXHTRiDrDy6erMYWqNw4LPdQ8UQA4huuxaQsVeRPFl2oM8oDGxMFhJUWZf9McpLtJasDDZb/Bpeg==}
    dev: true

  /@jridgewell/trace-mapping@0.3.9:
    resolution: {integrity: sha512-3Belt6tdc8bPgAtbcmdtNJlirVoTmEb5e2gC94PnkwEW9jI6CAHUeoG85tjWP5WquqfavoMtMwiG4P926ZKKuQ==}
    dependencies:
      '@jridgewell/resolve-uri': 3.1.2
      '@jridgewell/sourcemap-codec': 1.4.15
    dev: true

  /@kamilkisiela/fast-url-parser@1.1.4:
    resolution: {integrity: sha512-gbkePEBupNydxCelHCESvFSFM8XPh1Zs/OAVRW/rKpEqPAl5PbOM90Si8mv9bvnR53uPD2s/FiRxdvSejpRJew==}
    dev: false

  /@repeaterjs/repeater@3.0.6:
    resolution: {integrity: sha512-Javneu5lsuhwNCryN+pXH93VPQ8g0dBX7wItHFgYiwQmzE1sVdg5tWHiOgHywzL2W21XQopa7IwIEnNbmeUJYA==}
    dev: false

  /@tsconfig/node10@1.0.11:
    resolution: {integrity: sha512-DcRjDCujK/kCk/cUe8Xz8ZSpm8mS3mNNpta+jGCA6USEDfktlNvm1+IuZ9eTcDbNk41BHwpHHeW+N1lKCz4zOw==}
    dev: true

  /@tsconfig/node12@1.0.11:
    resolution: {integrity: sha512-cqefuRsh12pWyGsIoBKJA9luFu3mRxCA+ORZvA4ktLSzIuCUtWVxGIuXigEwO5/ywWFMZ2QEGKWvkZG1zDMTag==}
    dev: true

  /@tsconfig/node14@1.0.3:
    resolution: {integrity: sha512-ysT8mhdixWK6Hw3i1V2AeRqZ5WfXg1G43mqoYlM2nc6388Fq5jcXyr5mRsqViLx/GJYdoL0bfXD8nmF+Zn/Iow==}
    dev: true

  /@tsconfig/node16@1.0.4:
    resolution: {integrity: sha512-vxhUy4J8lyeyinH7Azl1pdd43GJhZH/tP2weN8TntQblOY+A0XbT8DJk1/oCPuOOyg/Ja757rG0CgHcWC8OfMA==}
    dev: true

  /@types/node@20.12.12:
    resolution: {integrity: sha512-eWLDGF/FOSPtAvEqeRAQ4C8LSA7M1I7i0ky1I8U7kD1J5ITyW3AsRhQrKVoWf5pFKZ2kILsEGJhsI9r93PYnOw==}
    dependencies:
      undici-types: 5.26.5
    dev: true

  /@whatwg-node/events@0.1.1:
    resolution: {integrity: sha512-AyQEn5hIPV7Ze+xFoXVU3QTHXVbWPrzaOkxtENMPMuNL6VVHrp4hHfDt9nrQpjO7BgvuM95dMtkycX5M/DZR3w==}
    engines: {node: '>=16.0.0'}
    dev: false

  /@whatwg-node/fetch@0.9.17:
    resolution: {integrity: sha512-TDYP3CpCrxwxpiNY0UMNf096H5Ihf67BK1iKGegQl5u9SlpEDYrvnV71gWBGJm+Xm31qOy8ATgma9rm8Pe7/5Q==}
    engines: {node: '>=16.0.0'}
    dependencies:
      '@whatwg-node/node-fetch': 0.5.11
      urlpattern-polyfill: 10.0.0
    dev: false

  /@whatwg-node/node-fetch@0.5.11:
    resolution: {integrity: sha512-LS8tSomZa3YHnntpWt3PP43iFEEl6YeIsvDakczHBKlay5LdkXFr8w7v8H6akpG5nRrzydyB0k1iE2eoL6aKIQ==}
    engines: {node: '>=16.0.0'}
    dependencies:
      '@kamilkisiela/fast-url-parser': 1.1.4
      '@whatwg-node/events': 0.1.1
      busboy: 1.6.0
      fast-querystring: 1.1.2
      tslib: 2.6.2
    dev: false

  /@whatwg-node/server@0.9.34:
    resolution: {integrity: sha512-1sHRjqUtZIyTR2m2dS/dJpzS5OcNDpPuUSVDa2PoEgzYVKr4GsqJaYtRaEXXFohvvyh6PkouYCc1rE7jMDWVCA==}
    engines: {node: '>=16.0.0'}
    dependencies:
      '@whatwg-node/fetch': 0.9.17
      tslib: 2.6.2
    dev: false

  /acorn-walk@8.3.2:
    resolution: {integrity: sha512-cjkyv4OtNCIeqhHrfS81QWXoCBPExR/J62oyEqepVw8WaQeSqpW2uhuLPh1m9eWhDuOo/jUXVTlifvesOWp/4A==}
    engines: {node: '>=0.4.0'}
    dev: true

  /acorn@8.11.3:
    resolution: {integrity: sha512-Y9rRfJG5jcKOE0CLisYbojUjIrIEE7AGMzA/Sm4BslANhbS+cDMpgBdcPT91oJ7OuJ9hYJBx59RjbhxVnrF8Xg==}
    engines: {node: '>=0.4.0'}
    hasBin: true
    dev: true

  /arg@4.1.3:
    resolution: {integrity: sha512-58S9QDqG0Xx27YwPSt9fJxivjYl432YCwfDMfZ+71RAqUrZef7LrKQZ3LHLOwCS4FLNBplP533Zx895SeOCHvA==}
    dev: true

  /busboy@1.6.0:
    resolution: {integrity: sha512-8SFQbg/0hQ9xy3UNTB0YEnsNBbWfhf7RtnzpL7TkBiTBRfrQ9Fxcnz7VJsleJpyp6rVLvXiuORqjlHi5q+PYuA==}
    engines: {node: '>=10.16.0'}
    dependencies:
      streamsearch: 1.1.0
    dev: false

  /create-require@1.1.1:
    resolution: {integrity: sha512-dcKFX3jn0MpIaXjisoRvexIJVEKzaq7z2rZKxf+MSr9TkdmHmsU4m2lcLojrj/FHl8mk5VxMmYA+ftRkP/3oKQ==}
    dev: true

  /cross-inspect@1.0.0:
    resolution: {integrity: sha512-4PFfn4b5ZN6FMNGSZlyb7wUhuN8wvj8t/VQHZdM4JsDcruGJ8L2kf9zao98QIrBPFCpdk27qst/AGTl7pL3ypQ==}
    engines: {node: '>=16.0.0'}
    dependencies:
      tslib: 2.6.2
    dev: false

  /debug@4.3.4:
    resolution: {integrity: sha512-PRWFHuSU3eDtQJPvnNY7Jcket1j0t5OuOsFzPPzsekD52Zl8qUfFIPEiswXqIvHWGVHOgX+7G/vCNNhehwxfkQ==}
    engines: {node: '>=6.0'}
    peerDependencies:
      supports-color: '*'
    peerDependenciesMeta:
      supports-color:
        optional: true
    dependencies:
      ms: 2.1.2
    dev: false

  /diff@4.0.2:
    resolution: {integrity: sha512-58lmxKSA4BNyLz+HHMUzlOEpg09FV+ev6ZMe3vJihgdxzgcwZ8VoEEPmALCZG9LmqfVoNMMKpttIYTVG6uDY7A==}
    engines: {node: '>=0.3.1'}
    dev: true

  /dset@3.1.3:
    resolution: {integrity: sha512-20TuZZHCEZ2O71q9/+8BwKwZ0QtD9D8ObhrihJPr+vLLYlSuAU3/zL4cSlgbfeoGHTjCSJBa7NGcrF9/Bx/WJQ==}
    engines: {node: '>=4'}
    dev: false

  /fast-decode-uri-component@1.0.1:
    resolution: {integrity: sha512-WKgKWg5eUxvRZGwW8FvfbaH7AXSh2cL+3j5fMGzUMCxWBJ3dV3a7Wz8y2f/uQ0e3B6WmodD3oS54jTQ9HVTIIg==}
    dev: false

  /fast-querystring@1.1.2:
    resolution: {integrity: sha512-g6KuKWmFXc0fID8WWH0jit4g0AGBoJhCkJMb1RmbsSEUNvQ+ZC8D6CUZ+GtF8nMzSPXnhiePyyqqipzNNEnHjg==}
    dependencies:
      fast-decode-uri-component: 1.0.1
    dev: false

  /graphql-parse-resolve-info@4.13.0(graphql@16.8.1):
    resolution: {integrity: sha512-VVJ1DdHYcR7hwOGQKNH+QTzuNgsLA8l/y436HtP9YHoX6nmwXRWq3xWthU3autMysXdm0fQUbhTZCx0W9ICozw==}
    engines: {node: '>=8.6'}
    peerDependencies:
      graphql: '>=0.9 <0.14 || ^14.0.2 || ^15.4.0 || ^16.3.0'
    dependencies:
      debug: 4.3.4
      graphql: 16.8.1
      tslib: 2.6.2
    transitivePeerDependencies:
      - supports-color
    dev: false

  /graphql-yoga@5.3.1(graphql@16.8.1):
    resolution: {integrity: sha512-n918QV6TF7xTjb9ASnozgsr4ydMc08c+x4eRAWKxxWVwSnzdP2xeN2zw1ljIzRD0ccSCNoBajGDKwcZkJDitPA==}
    engines: {node: '>=18.0.0'}
    peerDependencies:
      graphql: ^15.2.0 || ^16.0.0
    dependencies:
      '@envelop/core': 5.0.1
      '@graphql-tools/executor': 1.2.6(graphql@16.8.1)
      '@graphql-tools/schema': 10.0.3(graphql@16.8.1)
      '@graphql-tools/utils': 10.2.0(graphql@16.8.1)
      '@graphql-yoga/logger': 2.0.0
      '@graphql-yoga/subscription': 5.0.0
      '@whatwg-node/fetch': 0.9.17
      '@whatwg-node/server': 0.9.34
      dset: 3.1.3
      graphql: 16.8.1
      lru-cache: 10.2.2
      tslib: 2.6.2
    dev: false

  /graphql@16.8.1:
    resolution: {integrity: sha512-59LZHPdGZVh695Ud9lRzPBVTtlX9ZCV150Er2W43ro37wVof0ctenSaskPPjN7lVTIN8mSZt8PHUNKZuNQUuxw==}
    engines: {node: ^12.22.0 || ^14.16.0 || ^16.0.0 || >=17.0.0}
    dev: false

  /lru-cache@10.2.2:
    resolution: {integrity: sha512-9hp3Vp2/hFQUiIwKo8XCeFVnrg8Pk3TYNPIR7tJADKi5YfcF7vEaK7avFHTlSy3kOKYaJQaalfEo6YuXdceBOQ==}
    engines: {node: 14 || >=16.14}
    dev: false

  /make-error@1.3.6:
    resolution: {integrity: sha512-s8UhlNe7vPKomQhC1qFelMokr/Sc3AgNbso3n74mVPA5LTZwkB9NlXf4XPamLxJE8h0gh73rM94xvwRT2CVInw==}
    dev: true

  /ms@2.1.2:
    resolution: {integrity: sha512-sGkPx+VjMtmA6MX27oA4FBFELFCZZ4S4XqeGOXCv68tT+jb3vk/RyaKWP0PTKyWtmLSM0b+adUTEvbs1PEaH2w==}
    dev: false

  /streamsearch@1.1.0:
    resolution: {integrity: sha512-Mcc5wHehp9aXz1ax6bZUyY5afg9u2rv5cqQI3mRrYkGC8rW2hM02jWuwjtL++LS5qinSyhj2QfLyNsuc+VsExg==}
    engines: {node: '>=10.0.0'}
    dev: false

  /ts-node@10.9.1(@types/node@20.12.12)(typescript@5.1.6):
    resolution: {integrity: sha512-NtVysVPkxxrwFGUUxGYhfux8k78pQB3JqYBXlLRZgdGUqTO5wU/UyHop5p70iEbGhB7q5KmiZiU0Y3KlJrScEw==}
    hasBin: true
    peerDependencies:
      '@swc/core': '>=1.2.50'
      '@swc/wasm': '>=1.2.50'
      '@types/node': '*'
      typescript: '>=2.7'
    peerDependenciesMeta:
      '@swc/core':
        optional: true
      '@swc/wasm':
        optional: true
    dependencies:
      '@cspotcode/source-map-support': 0.8.1
      '@tsconfig/node10': 1.0.11
      '@tsconfig/node12': 1.0.11
      '@tsconfig/node14': 1.0.3
      '@tsconfig/node16': 1.0.4
      '@types/node': 20.12.12
      acorn: 8.11.3
      acorn-walk: 8.3.2
      arg: 4.1.3
      create-require: 1.1.1
      diff: 4.0.2
      make-error: 1.3.6
      typescript: 5.1.6
      v8-compile-cache-lib: 3.0.1
      yn: 3.1.1
    dev: true

  /tslib@2.6.2:
    resolution: {integrity: sha512-AEYxH93jGFPn/a2iVAwW87VuUIkR1FVUKB77NwMF7nBTDkDrrT/Hpt/IrCJ0QXhW27jTBDcf5ZY7w6RiqTMw2Q==}
    dev: false

  /typescript@5.1.6:
    resolution: {integrity: sha512-zaWCozRZ6DLEWAWFrVDz1H6FVXzUSfTy5FUMWsQlU8Ym5JP9eO4xkTIROFCQvhQf61z6O/G6ugw3SgAnvvm+HA==}
    engines: {node: '>=14.17'}
    hasBin: true
    dev: true

  /undici-types@5.26.5:
    resolution: {integrity: sha512-JlCMO+ehdEIKqlFxk6IfVoAUVmgz7cU7zD/h9XZ0qzeosSHmUJVOzSQvvYSYWXkFXC+IfLKSIffhv0sVZup6pA==}
    dev: true

  /urlpattern-polyfill@10.0.0:
    resolution: {integrity: sha512-H/A06tKD7sS1O1X2SshBVeA5FLycRpjqiBeqGKmBwBDBy28EnRjORxTNe269KSSr5un5qyWi1iL61wLxpd+ZOg==}
    dev: false

  /v8-compile-cache-lib@3.0.1:
    resolution: {integrity: sha512-wa7YjyUGfNZngI/vtK0UHAN+lgDCxBPCylVXGp0zu59Fz5aiGtNXaq3DhIov063MorB+VfufLh3JlF2KdTK3xg==}
    dev: true

  /value-or-promise@1.0.12:
    resolution: {integrity: sha512-Z6Uz+TYwEqE7ZN50gwn+1LCVo9ZVrpxRPOhOLnncYkY1ZzOYtrX8Fwf/rFktZ8R5mJms6EZf5TqNOMeZmnPq9Q==}
    engines: {node: '>=12'}
    dev: false

  /yn@3.1.1:
    resolution: {integrity: sha512-Ux4ygGWsu2c7isFWe8Yu1YluJmqVhxqK2cLXNQA5AcC3QfbGNpM7fu0Y8b/z16pXLnFxZYvWhd3fhBY9DLmC6Q==}
    engines: {node: '>=6'}
    dev: true
